{
    "_meta": {
        "hash": {
            "sha256": "9883f987371b6f1f2587dcedc207e1dfbd19ad9465b00082d002fa3a272c34ce"
        },
        "pipfile-spec": 6,
        "requires": {
            "python_version": "3.10"
        },
        "sources": [
            {
                "name": "pypi",
                "url": "https://pypi.org/simple",
                "verify_ssl": true
            }
        ]
    },
    "default": {
        "click": {
            "hashes": [
                "sha256:4be4b1af8d665c6d942909916d31a213a106800c47d0eeba73d34da3cbc11367",
                "sha256:e576aa487d679441d7d30abb87e1b43d24fc53bffb8758443b1a9e1cee504548"
            ],
            "index": "pypi",
            "version": "==8.1.5"
        }
    },
    "develop": {}
}
